PODS:
  - AgoraRtcEngine_iOS_Preview (4.0.0.preview.6)
  - Alamofire (4.9.1)
  - DarkEggKit (1.0.0):
    - DarkEggKit/Common (= 1.0.0)
  - DarkEggKit/Common (1.0.0)
  - MBProgressHUD (1.2.0)
  - PromiseKit (6.17.0):
    - PromiseKit/CorePromise (= 6.17.0)
    - PromiseKit/Foundation (= 6.17.0)
    - PromiseKit/UIKit (= 6.17.0)
  - PromiseKit/Alamofire (6.17.0):
    - Alamofire (~> 4.0)
    - PromiseKit/CorePromise
  - PromiseKit/CorePromise (6.17.0)
  - PromiseKit/Foundation (6.17.0):
    - PromiseKit/CorePromise
  - PromiseKit/UIKit (6.17.0):
    - PromiseKit/CorePromise

DEPENDENCIES:
  - AgoraRtcEngine_iOS_Preview (= 4.0.0.preview.6)
  - DarkEggKit
  - MBProgressHUD
  - PromiseKit
  - PromiseKit/Alamofire

SPEC REPOS:
  trunk:
    - AgoraRtcEngine_iOS_Preview
    - Alamofire
    - DarkEggKit
    - MBProgressHUD
    - PromiseKit

SPEC CHECKSUMS:
  AgoraRtcEngine_iOS_Preview: a790a04ded9aac522480658abdf21bc2e599b93c
  Alamofire: 85e8a02c69d6020a0d734f6054870d7ecb75cf18
  DarkEggKit: c69b40b9f13c8e15b3ffe9d12c6b911d6794be85
  MBProgressHUD: 3ee5efcc380f6a79a7cc9b363dd669c5e1ae7406
  PromiseKit: 996202d4cae72b7801b312abef4cd2f995b2978a

PODFILE CHECKSUM: 9585b9e7e46d6d97c98b0427330be3abbedd4d69

COCOAPODS: 1.11.3
